
Microsoft Visual Studio Solution File, Format Version 12.00
# Visual Studio Version 17
VisualStudioVersion = 17.14.36310.24 d17.14
MinimumVisualStudioVersion = 10.0.40219.1
Project("{FAE04EC0-301F-11D3-BF4B-00C04F79EFBC}") = "Adv 4", "Adv 4\Adv 4.csproj", "{7288AB0C-ACC4-4300-ABAE-A6D7CD3F1D1C}"
EndProject
Global
	GlobalSection(SolutionConfigurationPlatforms) = preSolution
		Debug|Any CPU = Debug|Any CPU
		Release|Any CPU = Release|Any CPU
	EndGlobalSection
	GlobalSection(ProjectConfigurationPlatforms) = postSolution
		{7288AB0C-ACC4-4300-ABAE-A6D7CD3F1D1C}.Debug|Any CPU.ActiveCfg = Debug|Any CPU
		{7288AB0C-ACC4-4300-ABAE-A6D7CD3F1D1C}.Debug|Any CPU.Build.0 = Debug|Any CPU
		{7288AB0C-ACC4-4300-ABAE-A6D7CD3F1D1C}.Release|Any CPU.ActiveCfg = Release|Any CPU
		{7288AB0C-ACC4-4300-ABAE-A6D7CD3F1D1C}.Release|Any CPU.Build.0 = Release|Any CPU
	EndGlobalSection
	GlobalSection(SolutionProperties) = preSolution
		HideSolutionNode = FALSE
	EndGlobalSection
	GlobalSection(ExtensibilityGlobals) = postSolution
		SolutionGuid = {B182BC7F-5776-42DC-A223-5BE64776E9EC}
	EndGlobalSection
EndGlobal
